// !$*UTF8*$!
{
	archiveVersion = 1;
	classes = {
	};
	objectVersion = 46;
	objects = {

/* Begin PBXBuildFile section */
		9556C7D31B5996DC008760A0 /* AppDelegate.swift in Sources */ = {isa = PBXBuildFile; fileRef = 9556C7D21B5996DC008760A0 /* AppDelegate.swift */; };
		9556C7D51B5996DD008760A0 /* ViewController.swift in Sources */ = {isa = PBXBuildFile; fileRef = 9556C7D41B5996DD008760A0 /* ViewController.swift */; };
		9556C7D81B5996DD008760A0 /* Main.storyboard in Resources */ = {isa = PBXBuildFile; fileRef = 9556C7D61B5996DD008760A0 /* Main.storyboard */; };
		9556C7DA1B5996DD008760A0 /* Images.xcassets in Resources */ = {isa = PBXBuildFile; fileRef = 9556C7D91B5996DD008760A0 /* Images.xcassets */; };
		9556C7DD1B5996DD008760A0 /* LaunchScreen.xib in Resources */ = {isa = PBXBuildFile; fileRef = 9556C7DB1B5996DD008760A0 /* LaunchScreen.xib */; };
		9556C7E91B5996DD008760A0 /* QTRomanNumeralsExampleTests.swift in Sources */ = {isa = PBXBuildFile; fileRef = 9556C7E81B5996DD008760A0 /* QTRomanNumeralsExampleTests.swift */; };
/* End PBXBuildFile section */

/* Begin PBXContainerItemProxy section */
		9556C7E31B5996DD008760A0 /* PBXContainerItemProxy */ = {
			isa = PBXContainerItemProxy;
			containerPortal = 9556C7C51B5996DC008760A0 /* Project object */;
			proxyType = 1;
			remoteGlobalIDString = 9556C7CC1B5996DC008760A0;
			remoteInfo = QTRomanNumeralsExample;
		};
/* End PBXContainerItemProxy section */

/* Begin PBXFileReference section */
		9556C7CD1B5996DC008760A0 /* QTRomanNumeralsExample.app */ = {isa = PBXFileReference; explicitFileType = wrapper.application; includeInIndex = 0; path = QTRomanNumeralsExample.app; sourceTree = BUILT_PRODUCTS_DIR; };
		9556C7D11B5996DC008760A0 /* Info.plist */ = {isa = PBXFileReference; lastKnownFileType = text.plist.xml; path = Info.plist; sourceTree = "<group>"; };
		9556C7D21B5996DC008760A0 /* AppDelegate.swift */ = {isa = PBXFileReference; lastKnownFileType = sourcecode.swift; path = AppDelegate.swift; sourceTree = "<group>"; };
		9556C7D41B5996DD008760A0 /* ViewController.swift */ = {isa = PBXFileReference; lastKnownFileType = sourcecode.swift; path = ViewController.swift; sourceTree = "<group>"; };
		9556C7D71B5996DD008760A0 /* Base */ = {isa = PBXFileReference; lastKnownFileType = file.storyboard; name = Base; path = Base.lproj/Main.storyboard; sourceTree = "<group>"; };
		9556C7D91B5996DD008760A0 /* Images.xcassets */ = {isa = PBXFileReference; lastKnownFileType = folder.assetcatalog; path = Images.xcassets; sourceTree = "<group>"; };
		9556C7DC1B5996DD008760A0 /* Base */ = {isa = PBXFileReference; lastKnownFileType = file.xib; name = Base; path = Base.lproj/LaunchScreen.xib; sourceTree = "<group>"; };
		9556C7E21B5996DD008760A0 /* QTRomanNumeralsExampleTests.xctest */ = {isa = PBXFileReference; explicitFileType = wrapper.cfbundle; includeInIndex = 0; path = QTRomanNumeralsExampleTests.xctest; sourceTree = BUILT_PRODUCTS_DIR; };
		9556C7E71B5996DD008760A0 /* Info.plist */ = {isa = PBXFileReference; lastKnownFileType = text.plist.xml; path = Info.plist; sourceTree = "<group>"; };
		9556C7E81B5996DD008760A0 /* QTRomanNumeralsExampleTests.swift */ = {isa = PBXFileReference; lastKnownFileType = sourcecode.swift; path = QTRomanNumeralsExampleTests.swift; sourceTree = "<group>"; };
/* End PBXFileReference section */

/* Begin PBXFrameworksBuildPhase section */
		9556C7CA1B5996DC008760A0 /* Frameworks */ = {
			isa = PBXFrameworksBuildPhase;
			buildActionMask = 2147483647;
			files = (
			);
			runOnlyForDeploymentPostprocessing = 0;
		};
		9556C7DF1B5996DD008760A0 /* Frameworks */ = {
			isa = PBXFrameworksBuildPhase;
			buildActionMask = 2147483647;
			files = (
			);
			runOnlyForDeploymentPostprocessing = 0;
		};
/* End PBXFrameworksBuildPhase section */

/* Begin PBXGroup section */
		9556C7C41B5996DC008760A0 = {
			isa = PBXGroup;
			children = (
				9556C7CF1B5996DC008760A0 /* QTRomanNumeralsExample */,
				9556C7E51B5996DD008760A0 /* QTRomanNumeralsExampleTests */,
				9556C7CE1B5996DC008760A0 /* Products */,
			);
			sourceTree = "<group>";
		};
		9556C7CE1B5996DC008760A0 /* Products */ = {
			isa = PBXGroup;
			children = (
				9556C7CD1B5996DC008760A0 /* QTRomanNumeralsExample.app */,
				9556C7E21B5996DD008760A0 /* QTRomanNumeralsExampleTests.xctest */,
			);
			name = Products;
			sourceTree = "<group>";
		};
		9556C7CF1B5996DC008760A0 /* QTRomanNumeralsExample */ = {
			isa = PBXGroup;
			children = (
				9556C7D21B5996DC008760A0 /* AppDelegate.swift */,
				9556C7D41B5996DD008760A0 /* ViewController.swift */,
				9556C7D61B5996DD008760A0 /* Main.storyboard */,
				9556C7D91B5996DD008760A0 /* Images.xcassets */,
				9556C7DB1B5996DD008760A0 /* LaunchScreen.xib */,
				9556C7D01B5996DC008760A0 /* Supporting Files */,
			);
			path = QTRomanNumeralsExample;
			sourceTree = "<group>";
		};
		9556C7D01B5996DC008760A0 /* Supporting Files */ = {
			isa = PBXGroup;
			children = (
				9556C7D11B5996DC008760A0 /* Info.plist */,
			);
			name = "Supporting Files";
			sourceTree = "<group>";
		};
		9556C7E51B5996DD008760A0 /* QTRomanNumeralsExampleTests */ = {
			isa = PBXGroup;
			children = (
				9556C7E81B5996DD008760A0 /* QTRomanNumeralsExampleTests.swift */,
				9556C7E61B5996DD008760A0 /* Supporting Files */,
			);
			path = QTRomanNumeralsExampleTests;
			sourceTree = "<group>";
		};
		9556C7E61B5996DD008760A0 /* Supporting Files */ = {
			isa = PBXGroup;
			children = (
				9556C7E71B5996DD008760A0 /* Info.plist */,
			);
			name = "Supporting Files";
			sourceTree = "<group>";
		};
/* End PBXGroup section */

/* Begin PBXNativeTarget section */
		9556C7CC1B5996DC008760A0 /* QTRomanNumeralsExample */ = {
			isa = PBXNativeTarget;
			buildConfigurationList = 9556C7EC1B5996DD008760A0 /* Build configuration list for PBXNativeTarget "QTRomanNumeralsExample" */;
			buildPhases = (
				9556C7C91B5996DC008760A0 /* Sources */,
				9556C7CA1B5996DC008760A0 /* Frameworks */,
				9556C7CB1B5996DC008760A0 /* Resources */,
			);
			buildRules = (
			);
			dependencies = (
			);
			name = QTRomanNumeralsExample;
			productName = QTRomanNumeralsExample;
			productReference = 9556C7CD1B5996DC008760A0 /* QTRomanNumeralsExample.app */;
			productType = "com.apple.product-type.application";
		};
		9556C7E11B5996DD008760A0 /* QTRomanNumeralsExampleTests */ = {
			isa = PBXNativeTarget;
			buildConfigurationList = 9556C7EF1B5996DD008760A0 /* Build configuration list for PBXNativeTarget "QTRomanNumeralsExampleTests" */;
			buildPhases = (
				9556C7DE1B5996DD008760A0 /* Sources */,
				9556C7DF1B5996DD008760A0 /* Frameworks */,
				9556C7E01B5996DD008760A0 /* Resources */,
			);
			buildRules = (
			);
			dependencies = (
				9556C7E41B5996DD008760A0 /* PBXTargetDependency */,
			);
			name = QTRomanNumeralsExampleTests;
			productName = QTRomanNumeralsExampleTests;
			productReference = 9556C7E21B5996DD008760A0 /* QTRomanNumeralsExampleTests.xctest */;
			productType = "com.apple.product-type.bundle.unit-test";
		};
/* End PBXNativeTarget section */

/* Begin PBXProject section */
		9556C7C51B5996DC008760A0 /* Project object */ = {
			isa = PBXProject;
			attributes = {
				LastUpgradeCheck = 0640;
				ORGANIZATIONNAME = "Michael Ginn";
				TargetAttributes = {
					9556C7CC1B5996DC008760A0 = {
						CreatedOnToolsVersion = 6.4;
					};
					9556C7E11B5996DD008760A0 = {
						CreatedOnToolsVersion = 6.4;
						TestTargetID = 9556C7CC1B5996DC008760A0;
					};
				};
			};
			buildConfigurationList = 9556C7C81B5996DC008760A0 /* Build configuration list for PBXProject "QTRomanNumeralsExample" */;
			compatibilityVersion = "Xcode 3.2";
			developmentRegion = English;
			hasScannedForEncodings = 0;
			knownRegions = (
				en,
				Base,
			);
			mainGroup = 9556C7C41B5996DC008760A0;
			productRefGroup = 9556C7CE1B5996DC008760A0 /* Products */;
			projectDirPath = "";
			projectRoot = "";
			targets = (
				9556C7CC1B5996DC008760A0 /* QTRomanNumeralsExample */,
				9556C7E11B5996DD008760A0 /* QTRomanNumeralsExampleTests */,
			);
		};
/* End PBXProject section */

/* Begin PBXResourcesBuildPhase section */
		9556C7CB1B5996DC008760A0 /* Resources */ = {
			isa = PBXResourcesBuildPhase;
			buildActionMask = 2147483647;
			files = (
				9556C7D81B5996DD008760A0 /* Main.storyboard in Resources */,
				9556C7DD1B5996DD008760A0 /* LaunchScreen.xib in Resources */,
				9556C7DA1B5996DD008760A0 /* Images.xcassets in Resources */,
			);
			runOnlyForDeploymentPostprocessing = 0;
		};
		9556C7E01B5996DD008760A0 /* Resources */ = {
			isa = PBXResourcesBuildPhase;
			buildActionMask = 2147483647;
			files = (
			);
			runOnlyForDeploymentPostprocessing = 0;
		};
/* End PBXResourcesBuildPhase section */

/* Begin PBXSourcesBuildPhase section */
		9556C7C91B5996DC008760A0 /* Sources */ = {
			isa = PBXSourcesBuildPhase;
			buildActionMask = 2147483647;
			files = (
				9556C7D51B5996DD008760A0 /* ViewController.swift in Sources */,
				9556C7D31B5996DC008760A0 /* AppDelegate.swift in Sources */,
			);
			runOnlyForDeploymentPostprocessing = 0;
		};
		9556C7DE1B5996DD008760A0 /* Sources */ = {
			isa = PBXSourcesBuildPhase;
			buildActionMask = 2147483647;
			files = (
				9556C7E91B5996DD008760A0 /* QTRomanNumeralsExampleTests.swift in Sources */,
			);
			runOnlyForDeploymentPostprocessing = 0;
		};
/* End PBXSourcesBuildPhase section */

/* Begin PBXTargetDependency section */
		9556C7E41B5996DD008760A0 /* PBXTargetDependency */ = {
			isa = PBXTargetDependency;
			target = 9556C7CC1B5996DC008760A0 /* QTRomanNumeralsExample */;
			targetProxy = 9556C7E31B5996DD008760A0 /* PBXContainerItemProxy */;
		};
/* End PBXTargetDependency section */

/* Begin PBXVariantGroup section */
		9556C7D61B5996DD008760A0 /* Main.storyboard */ = {
			isa = PBXVariantGroup;
			children = (
				9556C7D71B5996DD008760A0 /* Base */,
			);
			name = Main.storyboard;
			sourceTree = "<group>";
		};
		9556C7DB1B5996DD008760A0 /* LaunchScreen.xib */ = {
			isa = PBXVariantGroup;
			children = (
				9556C7DC1B5996DD008760A0 /* Base */,
			);
			name = LaunchScreen.xib;
			sourceTree = "<group>";
		};
/* End PBXVariantGroup section */

/* Begin XCBuildConfiguration section */
		9556C7EA1B5996DD008760A0 /* Debug */ = {
			isa = XCBuildConfiguration;
			buildSettings = {
				ALWAYS_SEARCH_USER_PATHS = NO;
				CLANG_CXX_LANGUAGE_STANDARD = "gnu++0x";
				CLANG_CXX_LIBRARY = "libc++";
				CLANG_ENABLE_MODULES = YES;
				CLANG_ENABLE_OBJC_ARC = YES;
				CLANG_WARN_BOOL_CONVERSION = YES;
				CLANG_WARN_CONSTANT_CONVERSION = YES;
				CLANG_WARN_DIRECT_OBJC_ISA_USAGE = YES_ERROR;
				CLANG_WARN_EMPTY_BODY = YES;
				CLANG_WARN_ENUM_CONVERSION = YES;
				CLANG_WARN_INT_CONVERSION = YES;
				CLANG_WARN_OBJC_ROOT_CLASS = YES_ERROR;
				CLANG_WARN_UNREACHABLE_CODE = YES;
				CLANG_WARN__DUPLICATE_METHOD_MATCH = YES;
				"CODE_SIGN_IDENTITY[sdk=iphoneos*]" = "iPhone Developer";
				COPY_PHASE_STRIP = NO;
				DEBUG_INFORMATION_FORMAT = "dwarf-with-dsym";
				ENABLE_STRICT_OBJC_MSGSEND = YES;
				GCC_C_LANGUAGE_STANDARD = gnu99;
				GCC_DYNAMIC_NO_PIC = NO;
				GCC_NO_COMMON_BLOCKS = YES;
				GCC_OPTIMIZATION_LEVEL = 0;
				GCC_PREPROCESSOR_DEFINITIONS = (
					"DEBUG=1",
					"$(inherited)",
				);
				GCC_SYMBOLS_PRIVATE_EXTERN = NO;
				GCC_WARN_64_TO_32_BIT_CONVERSION = YES;
				GCC_WARN_ABOUT_RETURN_TYPE = YES_ERROR;
				GCC_WARN_UNDECLARED_SELECTOR = YES;
				GCC_WARN_UNINITIALIZED_AUTOS = YES_AGGRESSIVE;
				GCC_WARN_UNUSED_FUNCTION = YES;
				GCC_WARN_UNUSED_VARIABLE = YES;
				IPHONEOS_DEPLOYMENT_TARGET = 8.4;
				MTL_ENABLE_DEBUG_INFO = YES;
				ONLY_ACTIVE_ARCH = YES;
				SDKROOT = iphoneos;
				SWIFT_OPTIMIZATION_LEVEL = "-Onone";
				TARGETED_DEVICE_FAMILY = "1,2";
			};
			name = Debug;
		};
		9556C7EB1B5996DD008760A0 /* Release */ = {
			isa = XCBuildConfiguration;
			buildSettings = {
				ALWAYS_SEARCH_USER_PATHS = NO;
				CLANG_CXX_LANGUAGE_STANDARD = "gnu++0x";
				CLANG_CXX_LIBRARY = "libc++";
				CLANG_ENABLE_MODULES = YES;
				CLANG_ENABLE_OBJC_ARC = YES;
				CLANG_WARN_BOOL_CONVERSION = YES;
				CLANG_WARN_CONSTANT_CONVERSION = YES;
				CLANG_WARN_DIRECT_OBJC_ISA_USAGE = YES_ERROR;
				CLANG_WARN_EMPTY_BODY = YES;
				CLANG_WARN_ENUM_CONVERSION = YES;
				CLANG_WARN_INT_CONVERSION = YES;
				CLANG_WARN_OBJC_ROOT_CLASS = YES_ERROR;
				CLANG_WARN_UNREACHABLE_CODE = YES;
				CLANG_WARN__DUPLICATE_METHOD_MATCH = YES;
				"CODE_SIGN_IDENTITY[sdk=iphoneos*]" = "iPhone Developer";
				COPY_PHASE_STRIP = NO;
				DEBUG_INFORMATION_FORMAT = "dwarf-with-dsym";
				ENABLE_NS_ASSERTIONS = NO;
				ENABLE_STRICT_OBJC_MSGSEND = YES;
				GCC_C_LANGUAGE_STANDARD = gnu99;
				GCC_NO_COMMON_BLOCKS = YES;
				GCC_WARN_64_TO_32_BIT_CONVERSION = YES;
				GCC_WARN_ABOUT_RETURN_TYPE = YES_ERROR;
				GCC_WARN_UNDECLARED_SELECTOR = YES;
				GCC_WARN_UNINITIALIZED_AUTOS = YES_AGGRESSIVE;
				GCC_WARN_UNUSED_FUNCTION = YES;
				GCC_WARN_UNUSED_VARIABLE = YES;
				IPHONEOS_DEPLOYMENT_TARGET = 8.4;
				MTL_ENABLE_DEBUG_INFO = NO;
				SDKROOT = iphoneos;
				TARGETED_DEVICE_FAMILY = "1,2";
				VALIDATE_PRODUCT = YES;
			};
			name = Release;
		};
		9556C7ED1B5996DD008760A0 /* Debug */ = {
			isa = XCBuildConfiguration;
			buildSettings = {
				ASSETCATALOG_COMPILER_APPICON_NAME = AppIcon;
				INFOPLIST_FILE = QTRomanNumeralsExample/Info.plist;
				LD_RUNPATH_SEARCH_PATHS = "$(inherited) @executable_path/Frameworks";
				PRODUCT_NAME = "$(TARGET_NAME)";
			};
			name = Debug;
		};
		9556C7EE1B5996DD008760A0 /* Release */ = {
			isa = XCBuildConfiguration;
			buildSettings = {
				ASSETCATALOG_COMPILER_APPICON_NAME = AppIcon;
				INFOPLIST_FILE = QTRomanNumeralsExample/Info.plist;
				LD_RUNPATH_SEARCH_PATHS = "$(inherited) @executable_path/Frameworks";
				PRODUCT_NAME = "$(TARGET_NAME)";
			};
			name = Release;
		};
		9556C7F01B5996DD008760A0 /* Debug */ = {
			isa = XCBuildConfiguration;
			buildSettings = {
				BUNDLE_LOADER = "$(TEST_HOST)";
				FRAMEWORK_SEARCH_PATHS = (
					"$(SDKROOT)/Developer/Library/Frameworks",
					"$(inherited)",
				);
				GCC_PREPROCESSOR_DEFINITIONS = (
					"DEBUG=1",
					"$(inherited)",
				);
				INFOPLIST_FILE = QTRomanNumeralsExampleTests/Info.plist;
				LD_RUNPATH_SEARCH_PATHS = "$(inherited) @executable_path/Frameworks @loader_path/Frameworks";
				PRODUCT_NAME = "$(TARGET_NAME)";
				TEST_HOST = "$(BUILT_PRODUCTS_DIR)/QTRomanNumeralsExample.app/QTRomanNumeralsExample";
			};
			name = Debug;
		};
		9556C7F11B5996DD008760A0 /* Release */ = {
			isa = XCBuildConfiguration;
			buildSettings = {
				BUNDLE_LOADER = "$(TEST_HOST)";
				FRAMEWORK_SEARCH_PATHS = (
					"$(SDKROOT)/Developer/Library/Frameworks",
					"$(inherited)",
				);
				INFOPLIST_FILE = QTRomanNumeralsExampleTests/Info.plist;
				LD_RUNPATH_SEARCH_PATHS = "$(inherited) @executable_path/Frameworks @loader_path/Frameworks";
				PRODUCT_NAME = "$(TARGET_NAME)";
				TEST_HOST = "$(BUILT_PRODUCTS_DIR)/QTRomanNumeralsExample.app/QTRomanNumeralsExample";
			};
			name = Release;
		};
/* End XCBuildConfiguration section */

/* Begin XCConfigurationList section */
		9556C7C81B5996DC008760A0 /* Build configuration list for PBXProject "QTRomanNumeralsExample" */ = {
			isa = XCConfigurationList;
			buildConfigurations = (
				9556C7EA1B5996DD008760A0 /* Debug */,
				9556C7EB1B5996DD008760A0 /* Release */,
			);
			defaultConfigurationIsVisible = 0;
			defaultConfigurationName = Release;
		};
		9556C7EC1B5996DD008760A0 /* Build configuration list for PBXNativeTarget "QTRomanNumeralsExample" */ = {
			isa = XCConfigurationList;
			buildConfigurations = (
				9556C7ED1B5996DD008760A0 /* Debug */,
				9556C7EE1B5996DD008760A0 /* Release */,
			);
			defaultConfigurationIsVisible = 0;
		};
		9556C7EF1B5996DD008760A0 /* Build configuration list for PBXNativeTarget "QTRomanNumeralsExampleTests" */ = {
			isa = XCConfigurationList;
			buildConfigurations = (
				9556C7F01B5996DD008760A0 /* Debug */,
				9556C7F11B5996DD008760A0 /* Release */,
			);
			defaultConfigurationIsVisible = 0;
		};
/* End XCConfigurationList section */
	};
	rootObject = 9556C7C51B5996DC008760A0 /* Project object */;
}
